{
  "name": "createjs",
  "version": "0.1.0",
  "lockfileVersion": 1,
  "requires": true,
  "dependencies": {
    "big.js": {
      "version": "3.2.0",
      "resolved": "http://registry.npm.taobao.org/big.js/download/big.js-3.2.0.tgz",
      "integrity": "sha1-pfwpi4G54Nyi5FiCR4S2XFK6WI4="
    },
    "easeljs": {
      "version": "1.0.2",
      "resolved": "http://registry.npm.alibaba-inc.com/easeljs/download/easeljs-1.0.2.tgz"
    },
    "emojis-list": {
      "version": "2.1.0",
      "resolved": "http://registry.npm.taobao.org/emojis-list/download/emojis-list-2.1.0.tgz",
      "integrity": "sha1-TapNnbAPmBmIDHn6RXrlsJof04k="
    },
    "exports-loader": {
      "version": "0.7.0",
      "resolved": "http://registry.npm.taobao.org/exports-loader/download/exports-loader-0.7.0.tgz",
      "integrity": "sha1-hIgceE3qYDa44c0drD2ptkCeIaU=",
      "requires": {
        "loader-utils": "1.1.0",
        "source-map": "0.5.0"
      }
    },
    "imports-loader": {
      "version": "0.8.0",
      "resolved": "http://registry.npm.taobao.org/imports-loader/download/imports-loader-0.8.0.tgz",
      "integrity": "sha1-Aw6lG4ygWXfECjq/2bQIj+C+mmk=",
      "requires": {
        "loader-utils": "1.1.0",
        "source-map": "0.6.1"
      },
      "dependencies": {
        "source-map": {
          "version": "0.6.1",
          "resolved": "http://registry.npm.taobao.org/source-map/download/source-map-0.6.1.tgz",
          "integrity": "sha1-dHIq8y6WFOnCh6jQu95IteLxomM="
        }
      }
    },
    "json5": {
      "version": "0.5.1",
      "resolved": "http://registry.npm.taobao.org/json5/download/json5-0.5.1.tgz",
      "integrity": "sha1-Hq3nrMASA0rYTiOWdn6tn6VJWCE="
    },
    "loader-utils": {
      "version": "1.1.0",
      "resolved": "http://registry.npm.taobao.org/loader-utils/download/loader-utils-1.1.0.tgz",
      "integrity": "sha1-yYrvSIvM7aL/teLeZG1qdUQp9c0=",
      "requires": {
        "big.js": "3.2.0",
        "emojis-list": "2.1.0",
        "json5": "0.5.1"
      }
    },
    "preloadjs": {
      "version": "1.0.1",
      "resolved": "http://registry.npm.alibaba-inc.com/preloadjs/download/preloadjs-1.0.1.tgz"
    },
    "soundjs": {
      "version": "1.0.1",
      "resolved": "http://registry.npm.alibaba-inc.com/soundjs/download/soundjs-1.0.1.tgz"
    },
    "source-map": {
      "version": "0.5.0",
      "resolved": "http://registry.npm.taobao.org/source-map/download/source-map-0.5.0.tgz",
      "integrity": "sha1-D+llA6yGpa213mP05BKuSHLNvoY="
    },
    "tweenjs": {
      "version": "1.0.2",
      "resolved": "http://registry.npm.alibaba-inc.com/tweenjs/download/tweenjs-1.0.2.tgz"
    }
  }
}
